
Microsoft Visual Studio Solution File, Format Version 12.00
# Visual Studio 15
VisualStudioVersion = 15.0.26730.16
MinimumVisualStudioVersion = 10.0.40219.1
Project("{FAE04EC0-301F-11D3-BF4B-00C04F79EFBC}") = "ShoppingCart", "ShoppingCart\ShoppingCart.csproj", "{C1D0D91E-86EE-4118-865B-044A22A916AA}"
EndProject
Global
	GlobalSection(SolutionConfigurationPlatforms) = preSolution
		Debug|Any CPU = Debug|Any CPU
		Release|Any CPU = Release|Any CPU
	EndGlobalSection
	GlobalSection(ProjectConfigurationPlatforms) = postSolution
		{C1D0D91E-86EE-4118-865B-044A22A916AA}.Debug|Any CPU.ActiveCfg = Debug|Any CPU
		{C1D0D91E-86EE-4118-865B-044A22A916AA}.Debug|Any CPU.Build.0 = Debug|Any CPU
		{C1D0D91E-86EE-4118-865B-044A22A916AA}.Release|Any CPU.ActiveCfg = Release|Any CPU
		{C1D0D91E-86EE-4118-865B-044A22A916AA}.Release|Any CPU.Build.0 = Release|Any CPU
	EndGlobalSection
	GlobalSection(SolutionProperties) = preSolution
		HideSolutionNode = FALSE
	EndGlobalSection
	GlobalSection(ExtensibilityGlobals) = postSolution
		SolutionGuid = {01FAA571-4CC1-4C17-BDCB-849B6966E3E6}
	EndGlobalSection
EndGlobal
